
Microsoft Visual Studio Solution File, Format Version 10.00
# Visual Studio 2008
Project("{F184B08F-C81C-45F6-A57F-5ABD9991F28F}") = "Kirara Encoder", "Kirara Encoder.vbproj", "{02436A2E-4BB2-45AA-B8E5-AEDB8E790D4E}"
EndProject
Project("{F184B08F-C81C-45F6-A57F-5ABD9991F28F}") = "Kirara Player", "Kirara Player\Kirara Player.vbproj", "{68BB4F73-7489-4760-B330-107B8966A522}"
EndProject
Global
	GlobalSection(SolutionConfigurationPlatforms) = preSolution
		Debug|Any CPU = Debug|Any CPU
		Release|Any CPU = Release|Any CPU
	EndGlobalSection
	GlobalSection(ProjectConfigurationPlatforms) = postSolution
		{02436A2E-4BB2-45AA-B8E5-AEDB8E790D4E}.Debug|Any CPU.ActiveCfg = Debug|Any CPU
		{02436A2E-4BB2-45AA-B8E5-AEDB8E790D4E}.Debug|Any CPU.Build.0 = Debug|Any CPU
		{02436A2E-4BB2-45AA-B8E5-AEDB8E790D4E}.Release|Any CPU.ActiveCfg = Release|Any CPU
		{02436A2E-4BB2-45AA-B8E5-AEDB8E790D4E}.Release|Any CPU.Build.0 = Release|Any CPU
		{68BB4F73-7489-4760-B330-107B8966A522}.Debug|Any CPU.ActiveCfg = Debug|Any CPU
		{68BB4F73-7489-4760-B330-107B8966A522}.Debug|Any CPU.Build.0 = Debug|Any CPU
		{68BB4F73-7489-4760-B330-107B8966A522}.Release|Any CPU.ActiveCfg = Release|Any CPU
		{68BB4F73-7489-4760-B330-107B8966A522}.Release|Any CPU.Build.0 = Release|Any CPU
	EndGlobalSection
	GlobalSection(SolutionProperties) = preSolution
		HideSolutionNode = FALSE
	EndGlobalSection
EndGlobal
